# THIS IS AN AUTOGENERATED FILE. DO NOT EDIT THIS FILE DIRECTLY.
# yarn lockfile v1


"@openzeppelin/contracts-upgradeable@^4.8.1":
  version "4.8.1"
  resolved "https://registry.npmmirror.com/@openzeppelin/contracts-upgradeable/-/contracts-upgradeable-4.8.1.tgz#363f7dd08f25f8f77e16d374350c3d6b43340a7a"
  integrity sha512-1wTv+20lNiC0R07jyIAbHU7TNHKRwGiTGRfiNnA8jOWjKT98g5OgLpYWOi40Vgpk8SPLA9EvfJAbAeIyVn+7Bw==

"@openzeppelin/contracts@^4.8.1":
  version "4.8.1"
  resolved "https://registry.npmmirror.com/@openzeppelin/contracts/-/contracts-4.8.1.tgz#709cfc4bbb3ca9f4460d60101f15dac6b7a2d5e4"
  integrity sha512-xQ6eUZl+RDyb/FiZe1h+U7qr/f4p/SrTSQcTPH2bjur3C5DbuW/zFgCU/b1P/xcIaEqJep+9ju4xDRi3rmChdQ==
